// !$*UTF8*$!
{
	archiveVersion = 1;
	classes = {
	};
	objectVersion = 50;
	objects = {

/* Begin PBXBuildFile section */
		195BF22022552383001D6594 /* main.cpp in Sources */ = {isa = PBXBuildFile; fileRef = 195BF21F22552383001D6594 /* main.cpp */; };
		195BF25322552500001D6594 /* libopencv_tracking.4.0.0.dylib in Frameworks */ = {isa = PBXBuildFile; fileRef = 195BF226225524F9001D6594 /* libopencv_tracking.4.0.0.dylib */; };
		195BF25422552500001D6594 /* libopencv_surface_matching.4.0.0.dylib in Frameworks */ = {isa = PBXBuildFile; fileRef = 195BF227225524F9001D6594 /* libopencv_surface_matching.4.0.0.dylib */; };
		195BF25522552500001D6594 /* libopencv_text.4.0.0.dylib in Frameworks */ = {isa = PBXBuildFile; fileRef = 195BF228225524F9001D6594 /* libopencv_text.4.0.0.dylib */; };
		195BF25622552500001D6594 /* libopencv_videoio.4.0.0.dylib in Frameworks */ = {isa = PBXBuildFile; fileRef = 195BF229225524F9001D6594 /* libopencv_videoio.4.0.0.dylib */; };
		195BF25722552500001D6594 /* libopencv_features2d.4.0.0.dylib in Frameworks */ = {isa = PBXBuildFile; fileRef = 195BF22A225524F9001D6594 /* libopencv_features2d.4.0.0.dylib */; };
		195BF25822552500001D6594 /* libopencv_core.4.0.0.dylib in Frameworks */ = {isa = PBXBuildFile; fileRef = 195BF22B225524FA001D6594 /* libopencv_core.4.0.0.dylib */; };
		195BF25922552500001D6594 /* libopencv_line_descriptor.4.0.0.dylib in Frameworks */ = {isa = PBXBuildFile; fileRef = 195BF22C225524FA001D6594 /* libopencv_line_descriptor.4.0.0.dylib */; };
		195BF25A22552500001D6594 /* libopencv_dpm.4.0.0.dylib in Frameworks */ = {isa = PBXBuildFile; fileRef = 195BF22D225524FA001D6594 /* libopencv_dpm.4.0.0.dylib */; };
		195BF25B22552500001D6594 /* libopencv_calib3d.4.0.0.dylib in Frameworks */ = {isa = PBXBuildFile; fileRef = 195BF22E225524FB001D6594 /* libopencv_calib3d.4.0.0.dylib */; };
		195BF25C22552500001D6594 /* libopencv_hfs.4.0.0.dylib in Frameworks */ = {isa = PBXBuildFile; fileRef = 195BF22F225524FB001D6594 /* libopencv_hfs.4.0.0.dylib */; };
		195BF25D22552500001D6594 /* libopencv_superres.4.0.0.dylib in Frameworks */ = {isa = PBXBuildFile; fileRef = 195BF230225524FB001D6594 /* libopencv_superres.4.0.0.dylib */; };
		195BF25E22552500001D6594 /* libopencv_reg.4.0.0.dylib in Frameworks */ = {isa = PBXBuildFile; fileRef = 195BF231225524FB001D6594 /* libopencv_reg.4.0.0.dylib */; };
		195BF25F22552500001D6594 /* libopencv_plot.4.0.0.dylib in Frameworks */ = {isa = PBXBuildFile; fileRef = 195BF232225524FB001D6594 /* libopencv_plot.4.0.0.dylib */; };
		195BF26022552501001D6594 /* libopencv_stitching.4.0.0.dylib in Frameworks */ = {isa = PBXBuildFile; fileRef = 195BF233225524FB001D6594 /* libopencv_stitching.4.0.0.dylib */; };
		195BF26122552501001D6594 /* libopencv_fuzzy.4.0.0.dylib in Frameworks */ = {isa = PBXBuildFile; fileRef = 195BF234225524FB001D6594 /* libopencv_fuzzy.4.0.0.dylib */; };
		195BF26222552501001D6594 /* libopencv_optflow.4.0.0.dylib in Frameworks */ = {isa = PBXBuildFile; fileRef = 195BF235225524FB001D6594 /* libopencv_optflow.4.0.0.dylib */; };
		195BF26322552501001D6594 /* libopencv_bioinspired.4.0.0.dylib in Frameworks */ = {isa = PBXBuildFile; fileRef = 195BF236225524FB001D6594 /* libopencv_bioinspired.4.0.0.dylib */; };
		195BF26422552501001D6594 /* libopencv_xfeatures2d.4.0.0.dylib in Frameworks */ = {isa = PBXBuildFile; fileRef = 195BF237225524FC001D6594 /* libopencv_xfeatures2d.4.0.0.dylib */; };
		195BF26522552501001D6594 /* libopencv_imgcodecs.4.0.0.dylib in Frameworks */ = {isa = PBXBuildFile; fileRef = 195BF238225524FC001D6594 /* libopencv_imgcodecs.4.0.0.dylib */; };
		195BF26622552501001D6594 /* libopencv_img_hash.4.0.0.dylib in Frameworks */ = {isa = PBXBuildFile; fileRef = 195BF239225524FC001D6594 /* libopencv_img_hash.4.0.0.dylib */; };
		195BF26722552501001D6594 /* libopencv_aruco.4.0.0.dylib in Frameworks */ = {isa = PBXBuildFile; fileRef = 195BF23A225524FC001D6594 /* libopencv_aruco.4.0.0.dylib */; };
		195BF26822552501001D6594 /* libopencv_ximgproc.4.0.0.dylib in Frameworks */ = {isa = PBXBuildFile; fileRef = 195BF23B225524FC001D6594 /* libopencv_ximgproc.4.0.0.dylib */; };
		195BF26922552501001D6594 /* libopencv_gapi.4.0.0.dylib in Frameworks */ = {isa = PBXBuildFile; fileRef = 195BF23C225524FC001D6594 /* libopencv_gapi.4.0.0.dylib */; };
		195BF26A22552501001D6594 /* libopencv_xobjdetect.4.0.0.dylib in Frameworks */ = {isa = PBXBuildFile; fileRef = 195BF23D225524FC001D6594 /* libopencv_xobjdetect.4.0.0.dylib */; };
		195BF26B22552501001D6594 /* libopencv_bgsegm.4.0.0.dylib in Frameworks */ = {isa = PBXBuildFile; fileRef = 195BF23E225524FC001D6594 /* libopencv_bgsegm.4.0.0.dylib */; };
		195BF26C22552501001D6594 /* libopencv_highgui.4.0.0.dylib in Frameworks */ = {isa = PBXBuildFile; fileRef = 195BF23F225524FD001D6594 /* libopencv_highgui.4.0.0.dylib */; };
		195BF26D22552501001D6594 /* libopencv_datasets.4.0.0.dylib in Frameworks */ = {isa = PBXBuildFile; fileRef = 195BF240225524FD001D6594 /* libopencv_datasets.4.0.0.dylib */; };
		195BF26E22552501001D6594 /* libopencv_shape.4.0.0.dylib in Frameworks */ = {isa = PBXBuildFile; fileRef = 195BF241225524FD001D6594 /* libopencv_shape.4.0.0.dylib */; };
		195BF26F22552501001D6594 /* libopencv_objdetect.4.0.0.dylib in Frameworks */ = {isa = PBXBuildFile; fileRef = 195BF242225524FD001D6594 /* libopencv_objdetect.4.0.0.dylib */; };
		195BF27022552501001D6594 /* libopencv_ccalib.4.0.0.dylib in Frameworks */ = {isa = PBXBuildFile; fileRef = 195BF243225524FD001D6594 /* libopencv_ccalib.4.0.0.dylib */; };
		195BF27122552501001D6594 /* libopencv_dnn.4.0.0.dylib in Frameworks */ = {isa = PBXBuildFile; fileRef = 195BF244225524FD001D6594 /* libopencv_dnn.4.0.0.dylib */; };
		195BF27222552501001D6594 /* libopencv_flann.4.0.0.dylib in Frameworks */ = {isa = PBXBuildFile; fileRef = 195BF245225524FD001D6594 /* libopencv_flann.4.0.0.dylib */; };
		195BF27322552501001D6594 /* libopencv_face.4.0.0.dylib in Frameworks */ = {isa = PBXBuildFile; fileRef = 195BF246225524FD001D6594 /* libopencv_face.4.0.0.dylib */; };
		195BF27422552501001D6594 /* libopencv_phase_unwrapping.4.0.0.dylib in Frameworks */ = {isa = PBXBuildFile; fileRef = 195BF247225524FE001D6594 /* libopencv_phase_unwrapping.4.0.0.dylib */; };
		195BF27522552501001D6594 /* libopencv_ml.4.0.0.dylib in Frameworks */ = {isa = PBXBuildFile; fileRef = 195BF248225524FE001D6594 /* libopencv_ml.4.0.0.dylib */; };
		195BF27622552501001D6594 /* libopencv_photo.4.0.0.dylib in Frameworks */ = {isa = PBXBuildFile; fileRef = 195BF249225524FE001D6594 /* libopencv_photo.4.0.0.dylib */; };
		195BF27722552501001D6594 /* libopencv_dnn_objdetect.4.0.0.dylib in Frameworks */ = {isa = PBXBuildFile; fileRef = 195BF24A225524FE001D6594 /* libopencv_dnn_objdetect.4.0.0.dylib */; };
		195BF27822552501001D6594 /* libopencv_rgbd.4.0.0.dylib in Frameworks */ = {isa = PBXBuildFile; fileRef = 195BF24B225524FE001D6594 /* libopencv_rgbd.4.0.0.dylib */; };
		195BF27922552501001D6594 /* libopencv_saliency.4.0.0.dylib in Frameworks */ = {isa = PBXBuildFile; fileRef = 195BF24C225524FE001D6594 /* libopencv_saliency.4.0.0.dylib */; };
		195BF27A22552501001D6594 /* libopencv_stereo.4.0.0.dylib in Frameworks */ = {isa = PBXBuildFile; fileRef = 195BF24D225524FE001D6594 /* libopencv_stereo.4.0.0.dylib */; };
		195BF27B22552501001D6594 /* libopencv_video.4.0.0.dylib in Frameworks */ = {isa = PBXBuildFile; fileRef = 195BF24E225524FE001D6594 /* libopencv_video.4.0.0.dylib */; };
		195BF27C22552501001D6594 /* libopencv_videostab.4.0.0.dylib in Frameworks */ = {isa = PBXBuildFile; fileRef = 195BF24F225524FE001D6594 /* libopencv_videostab.4.0.0.dylib */; };
		195BF27D22552501001D6594 /* libopencv_structured_light.4.0.0.dylib in Frameworks */ = {isa = PBXBuildFile; fileRef = 195BF250225524FF001D6594 /* libopencv_structured_light.4.0.0.dylib */; };
		195BF27E22552501001D6594 /* libopencv_xphoto.4.0.0.dylib in Frameworks */ = {isa = PBXBuildFile; fileRef = 195BF251225524FF001D6594 /* libopencv_xphoto.4.0.0.dylib */; };
		195BF27F22552501001D6594 /* libopencv_imgproc.4.0.0.dylib in Frameworks */ = {isa = PBXBuildFile; fileRef = 195BF25222552500001D6594 /* libopencv_imgproc.4.0.0.dylib */; };
/* End PBXBuildFile section */

/* Begin PBXCopyFilesBuildPhase section */
		195BF21A22552383001D6594 /* CopyFiles */ = {
			isa = PBXCopyFilesBuildPhase;
			buildActionMask = 2147483647;
			dstPath = /usr/share/man/man1/;
			dstSubfolderSpec = 0;
			files = (
			);
			runOnlyForDeploymentPostprocessing = 1;
		};
/* End PBXCopyFilesBuildPhase section */

/* Begin PBXFileReference section */
		195BF21C22552383001D6594 /* OpenCVTest */ = {isa = PBXFileReference; explicitFileType = "compiled.mach-o.executable"; includeInIndex = 0; path = OpenCVTest; sourceTree = BUILT_PRODUCTS_DIR; };
		195BF21F22552383001D6594 /* main.cpp */ = {isa = PBXFileReference; lastKnownFileType = sourcecode.cpp.cpp; path = main.cpp; sourceTree = "<group>"; };
		195BF226225524F9001D6594 /* libopencv_tracking.4.0.0.dylib */ = {isa = PBXFileReference; lastKnownFileType = "compiled.mach-o.dylib"; path = libopencv_tracking.4.0.0.dylib; sourceTree = "<group>"; };
		195BF227225524F9001D6594 /* libopencv_surface_matching.4.0.0.dylib */ = {isa = PBXFileReference; lastKnownFileType = "compiled.mach-o.dylib"; path = libopencv_surface_matching.4.0.0.dylib; sourceTree = "<group>"; };
		195BF228225524F9001D6594 /* libopencv_text.4.0.0.dylib */ = {isa = PBXFileReference; lastKnownFileType = "compiled.mach-o.dylib"; path = libopencv_text.4.0.0.dylib; sourceTree = "<group>"; };
		195BF229225524F9001D6594 /* libopencv_videoio.4.0.0.dylib */ = {isa = PBXFileReference; lastKnownFileType = "compiled.mach-o.dylib"; path = libopencv_videoio.4.0.0.dylib; sourceTree = "<group>"; };
		195BF22A225524F9001D6594 /* libopencv_features2d.4.0.0.dylib */ = {isa = PBXFileReference; lastKnownFileType = "compiled.mach-o.dylib"; path = libopencv_features2d.4.0.0.dylib; sourceTree = "<group>"; };
		195BF22B225524FA001D6594 /* libopencv_core.4.0.0.dylib */ = {isa = PBXFileReference; lastKnownFileType = "compiled.mach-o.dylib"; path = libopencv_core.4.0.0.dylib; sourceTree = "<group>"; };
		195BF22C225524FA001D6594 /* libopencv_line_descriptor.4.0.0.dylib */ = {isa = PBXFileReference; lastKnownFileType = "compiled.mach-o.dylib"; path = libopencv_line_descriptor.4.0.0.dylib; sourceTree = "<group>"; };
		195BF22D225524FA001D6594 /* libopencv_dpm.4.0.0.dylib */ = {isa = PBXFileReference; lastKnownFileType = "compiled.mach-o.dylib"; path = libopencv_dpm.4.0.0.dylib; sourceTree = "<group>"; };
		195BF22E225524FB001D6594 /* libopencv_calib3d.4.0.0.dylib */ = {isa = PBXFileReference; lastKnownFileType = "compiled.mach-o.dylib"; path = libopencv_calib3d.4.0.0.dylib; sourceTree = "<group>"; };
		195BF22F225524FB001D6594 /* libopencv_hfs.4.0.0.dylib */ = {isa = PBXFileReference; lastKnownFileType = "compiled.mach-o.dylib"; path = libopencv_hfs.4.0.0.dylib; sourceTree = "<group>"; };
		195BF230225524FB001D6594 /* libopencv_superres.4.0.0.dylib */ = {isa = PBXFileReference; lastKnownFileType = "compiled.mach-o.dylib"; path = libopencv_superres.4.0.0.dylib; sourceTree = "<group>"; };
		195BF231225524FB001D6594 /* libopencv_reg.4.0.0.dylib */ = {isa = PBXFileReference; lastKnownFileType = "compiled.mach-o.dylib"; path = libopencv_reg.4.0.0.dylib; sourceTree = "<group>"; };
		195BF232225524FB001D6594 /* libopencv_plot.4.0.0.dylib */ = {isa = PBXFileReference; lastKnownFileType = "compiled.mach-o.dylib"; path = libopencv_plot.4.0.0.dylib; sourceTree = "<group>"; };
		195BF233225524FB001D6594 /* libopencv_stitching.4.0.0.dylib */ = {isa = PBXFileReference; lastKnownFileType = "compiled.mach-o.dylib"; path = libopencv_stitching.4.0.0.dylib; sourceTree = "<group>"; };
		195BF234225524FB001D6594 /* libopencv_fuzzy.4.0.0.dylib */ = {isa = PBXFileReference; lastKnownFileType = "compiled.mach-o.dylib"; path = libopencv_fuzzy.4.0.0.dylib; sourceTree = "<group>"; };
		195BF235225524FB001D6594 /* libopencv_optflow.4.0.0.dylib */ = {isa = PBXFileReference; lastKnownFileType = "compiled.mach-o.dylib"; path = libopencv_optflow.4.0.0.dylib; sourceTree = "<group>"; };
		195BF236225524FB001D6594 /* libopencv_bioinspired.4.0.0.dylib */ = {isa = PBXFileReference; lastKnownFileType = "compiled.mach-o.dylib"; path = libopencv_bioinspired.4.0.0.dylib; sourceTree = "<group>"; };
		195BF237225524FC001D6594 /* libopencv_xfeatures2d.4.0.0.dylib */ = {isa = PBXFileReference; lastKnownFileType = "compiled.mach-o.dylib"; path = libopencv_xfeatures2d.4.0.0.dylib; sourceTree = "<group>"; };
		195BF238225524FC001D6594 /* libopencv_imgcodecs.4.0.0.dylib */ = {isa = PBXFileReference; lastKnownFileType = "compiled.mach-o.dylib"; path = libopencv_imgcodecs.4.0.0.dylib; sourceTree = "<group>"; };
		195BF239225524FC001D6594 /* libopencv_img_hash.4.0.0.dylib */ = {isa = PBXFileReference; lastKnownFileType = "compiled.mach-o.dylib"; path = libopencv_img_hash.4.0.0.dylib; sourceTree = "<group>"; };
		195BF23A225524FC001D6594 /* libopencv_aruco.4.0.0.dylib */ = {isa = PBXFileReference; lastKnownFileType = "compiled.mach-o.dylib"; path = libopencv_aruco.4.0.0.dylib; sourceTree = "<group>"; };
		195BF23B225524FC001D6594 /* libopencv_ximgproc.4.0.0.dylib */ = {isa = PBXFileReference; lastKnownFileType = "compiled.mach-o.dylib"; path = libopencv_ximgproc.4.0.0.dylib; sourceTree = "<group>"; };
		195BF23C225524FC001D6594 /* libopencv_gapi.4.0.0.dylib */ = {isa = PBXFileReference; lastKnownFileType = "compiled.mach-o.dylib"; path = libopencv_gapi.4.0.0.dylib; sourceTree = "<group>"; };
		195BF23D225524FC001D6594 /* libopencv_xobjdetect.4.0.0.dylib */ = {isa = PBXFileReference; lastKnownFileType = "compiled.mach-o.dylib"; path = libopencv_xobjdetect.4.0.0.dylib; sourceTree = "<group>"; };
		195BF23E225524FC001D6594 /* libopencv_bgsegm.4.0.0.dylib */ = {isa = PBXFileReference; lastKnownFileType = "compiled.mach-o.dylib"; path = libopencv_bgsegm.4.0.0.dylib; sourceTree = "<group>"; };
		195BF23F225524FD001D6594 /* libopencv_highgui.4.0.0.dylib */ = {isa = PBXFileReference; lastKnownFileType = "compiled.mach-o.dylib"; path = libopencv_highgui.4.0.0.dylib; sourceTree = "<group>"; };
		195BF240225524FD001D6594 /* libopencv_datasets.4.0.0.dylib */ = {isa = PBXFileReference; lastKnownFileType = "compiled.mach-o.dylib"; path = libopencv_datasets.4.0.0.dylib; sourceTree = "<group>"; };
		195BF241225524FD001D6594 /* libopencv_shape.4.0.0.dylib */ = {isa = PBXFileReference; lastKnownFileType = "compiled.mach-o.dylib"; path = libopencv_shape.4.0.0.dylib; sourceTree = "<group>"; };
		195BF242225524FD001D6594 /* libopencv_objdetect.4.0.0.dylib */ = {isa = PBXFileReference; lastKnownFileType = "compiled.mach-o.dylib"; path = libopencv_objdetect.4.0.0.dylib; sourceTree = "<group>"; };
		195BF243225524FD001D6594 /* libopencv_ccalib.4.0.0.dylib */ = {isa = PBXFileReference; lastKnownFileType = "compiled.mach-o.dylib"; path = libopencv_ccalib.4.0.0.dylib; sourceTree = "<group>"; };
		195BF244225524FD001D6594 /* libopencv_dnn.4.0.0.dylib */ = {isa = PBXFileReference; lastKnownFileType = "compiled.mach-o.dylib"; path = libopencv_dnn.4.0.0.dylib; sourceTree = "<group>"; };
		195BF245225524FD001D6594 /* libopencv_flann.4.0.0.dylib */ = {isa = PBXFileReference; lastKnownFileType = "compiled.mach-o.dylib"; path = libopencv_flann.4.0.0.dylib; sourceTree = "<group>"; };
		195BF246225524FD001D6594 /* libopencv_face.4.0.0.dylib */ = {isa = PBXFileReference; lastKnownFileType = "compiled.mach-o.dylib"; path = libopencv_face.4.0.0.dylib; sourceTree = "<group>"; };
		195BF247225524FE001D6594 /* libopencv_phase_unwrapping.4.0.0.dylib */ = {isa = PBXFileReference; lastKnownFileType = "compiled.mach-o.dylib"; path = libopencv_phase_unwrapping.4.0.0.dylib; sourceTree = "<group>"; };
		195BF248225524FE001D6594 /* libopencv_ml.4.0.0.dylib */ = {isa = PBXFileReference; lastKnownFileType = "compiled.mach-o.dylib"; path = libopencv_ml.4.0.0.dylib; sourceTree = "<group>"; };
		195BF249225524FE001D6594 /* libopencv_photo.4.0.0.dylib */ = {isa = PBXFileReference; lastKnownFileType = "compiled.mach-o.dylib"; path = libopencv_photo.4.0.0.dylib; sourceTree = "<group>"; };
		195BF24A225524FE001D6594 /* libopencv_dnn_objdetect.4.0.0.dylib */ = {isa = PBXFileReference; lastKnownFileType = "compiled.mach-o.dylib"; path = libopencv_dnn_objdetect.4.0.0.dylib; sourceTree = "<group>"; };
		195BF24B225524FE001D6594 /* libopencv_rgbd.4.0.0.dylib */ = {isa = PBXFileReference; lastKnownFileType = "compiled.mach-o.dylib"; path = libopencv_rgbd.4.0.0.dylib; sourceTree = "<group>"; };
		195BF24C225524FE001D6594 /* libopencv_saliency.4.0.0.dylib */ = {isa = PBXFileReference; lastKnownFileType = "compiled.mach-o.dylib"; path = libopencv_saliency.4.0.0.dylib; sourceTree = "<group>"; };
		195BF24D225524FE001D6594 /* libopencv_stereo.4.0.0.dylib */ = {isa = PBXFileReference; lastKnownFileType = "compiled.mach-o.dylib"; path = libopencv_stereo.4.0.0.dylib; sourceTree = "<group>"; };
		195BF24E225524FE001D6594 /* libopencv_video.4.0.0.dylib */ = {isa = PBXFileReference; lastKnownFileType = "compiled.mach-o.dylib"; path = libopencv_video.4.0.0.dylib; sourceTree = "<group>"; };
		195BF24F225524FE001D6594 /* libopencv_videostab.4.0.0.dylib */ = {isa = PBXFileReference; lastKnownFileType = "compiled.mach-o.dylib"; path = libopencv_videostab.4.0.0.dylib; sourceTree = "<group>"; };
		195BF250225524FF001D6594 /* libopencv_structured_light.4.0.0.dylib */ = {isa = PBXFileReference; lastKnownFileType = "compiled.mach-o.dylib"; path = libopencv_structured_light.4.0.0.dylib; sourceTree = "<group>"; };
		195BF251225524FF001D6594 /* libopencv_xphoto.4.0.0.dylib */ = {isa = PBXFileReference; lastKnownFileType = "compiled.mach-o.dylib"; path = libopencv_xphoto.4.0.0.dylib; sourceTree = "<group>"; };
		195BF25222552500001D6594 /* libopencv_imgproc.4.0.0.dylib */ = {isa = PBXFileReference; lastKnownFileType = "compiled.mach-o.dylib"; path = libopencv_imgproc.4.0.0.dylib; sourceTree = "<group>"; };
/* End PBXFileReference section */

/* Begin PBXFrameworksBuildPhase section */
		195BF21922552383001D6594 /* Frameworks */ = {
			isa = PBXFrameworksBuildPhase;
			buildActionMask = 2147483647;
			files = (
				195BF25E22552500001D6594 /* libopencv_reg.4.0.0.dylib in Frameworks */,
				195BF26E22552501001D6594 /* libopencv_shape.4.0.0.dylib in Frameworks */,
				195BF26022552501001D6594 /* libopencv_stitching.4.0.0.dylib in Frameworks */,
				195BF27E22552501001D6594 /* libopencv_xphoto.4.0.0.dylib in Frameworks */,
				195BF27022552501001D6594 /* libopencv_ccalib.4.0.0.dylib in Frameworks */,
				195BF26A22552501001D6594 /* libopencv_xobjdetect.4.0.0.dylib in Frameworks */,
				195BF26822552501001D6594 /* libopencv_ximgproc.4.0.0.dylib in Frameworks */,
				195BF26D22552501001D6594 /* libopencv_datasets.4.0.0.dylib in Frameworks */,
				195BF26322552501001D6594 /* libopencv_bioinspired.4.0.0.dylib in Frameworks */,
				195BF26422552501001D6594 /* libopencv_xfeatures2d.4.0.0.dylib in Frameworks */,
				195BF27F22552501001D6594 /* libopencv_imgproc.4.0.0.dylib in Frameworks */,
				195BF25722552500001D6594 /* libopencv_features2d.4.0.0.dylib in Frameworks */,
				195BF27922552501001D6594 /* libopencv_saliency.4.0.0.dylib in Frameworks */,
				195BF27822552501001D6594 /* libopencv_rgbd.4.0.0.dylib in Frameworks */,
				195BF26922552501001D6594 /* libopencv_gapi.4.0.0.dylib in Frameworks */,
				195BF27222552501001D6594 /* libopencv_flann.4.0.0.dylib in Frameworks */,
				195BF26522552501001D6594 /* libopencv_imgcodecs.4.0.0.dylib in Frameworks */,
				195BF27B22552501001D6594 /* libopencv_video.4.0.0.dylib in Frameworks */,
				195BF25F22552500001D6594 /* libopencv_plot.4.0.0.dylib in Frameworks */,
				195BF27622552501001D6594 /* libopencv_photo.4.0.0.dylib in Frameworks */,
				195BF26B22552501001D6594 /* libopencv_bgsegm.4.0.0.dylib in Frameworks */,
				195BF27322552501001D6594 /* libopencv_face.4.0.0.dylib in Frameworks */,
				195BF26722552501001D6594 /* libopencv_aruco.4.0.0.dylib in Frameworks */,
				195BF25522552500001D6594 /* libopencv_text.4.0.0.dylib in Frameworks */,
				195BF27422552501001D6594 /* libopencv_phase_unwrapping.4.0.0.dylib in Frameworks */,
				195BF27722552501001D6594 /* libopencv_dnn_objdetect.4.0.0.dylib in Frameworks */,
				195BF25622552500001D6594 /* libopencv_videoio.4.0.0.dylib in Frameworks */,
				195BF26F22552501001D6594 /* libopencv_objdetect.4.0.0.dylib in Frameworks */,
				195BF25C22552500001D6594 /* libopencv_hfs.4.0.0.dylib in Frameworks */,
				195BF25D22552500001D6594 /* libopencv_superres.4.0.0.dylib in Frameworks */,
				195BF27122552501001D6594 /* libopencv_dnn.4.0.0.dylib in Frameworks */,
				195BF25B22552500001D6594 /* libopencv_calib3d.4.0.0.dylib in Frameworks */,
				195BF27522552501001D6594 /* libopencv_ml.4.0.0.dylib in Frameworks */,
				195BF26222552501001D6594 /* libopencv_optflow.4.0.0.dylib in Frameworks */,
				195BF27A22552501001D6594 /* libopencv_stereo.4.0.0.dylib in Frameworks */,
				195BF25A22552500001D6594 /* libopencv_dpm.4.0.0.dylib in Frameworks */,
				195BF26C22552501001D6594 /* libopencv_highgui.4.0.0.dylib in Frameworks */,
				195BF25422552500001D6594 /* libopencv_surface_matching.4.0.0.dylib in Frameworks */,
				195BF26622552501001D6594 /* libopencv_img_hash.4.0.0.dylib in Frameworks */,
				195BF27C22552501001D6594 /* libopencv_videostab.4.0.0.dylib in Frameworks */,
				195BF25922552500001D6594 /* libopencv_line_descriptor.4.0.0.dylib in Frameworks */,
				195BF25822552500001D6594 /* libopencv_core.4.0.0.dylib in Frameworks */,
				195BF25322552500001D6594 /* libopencv_tracking.4.0.0.dylib in Frameworks */,
				195BF26122552501001D6594 /* libopencv_fuzzy.4.0.0.dylib in Frameworks */,
				195BF27D22552501001D6594 /* libopencv_structured_light.4.0.0.dylib in Frameworks */,
			);
			runOnlyForDeploymentPostprocessing = 0;
		};
/* End PBXFrameworksBuildPhase section */

/* Begin PBXGroup section */
		195BF21322552382001D6594 = {
			isa = PBXGroup;
			children = (
				195BF23A225524FC001D6594 /* libopencv_aruco.4.0.0.dylib */,
				195BF23E225524FC001D6594 /* libopencv_bgsegm.4.0.0.dylib */,
				195BF236225524FB001D6594 /* libopencv_bioinspired.4.0.0.dylib */,
				195BF22E225524FB001D6594 /* libopencv_calib3d.4.0.0.dylib */,
				195BF243225524FD001D6594 /* libopencv_ccalib.4.0.0.dylib */,
				195BF22B225524FA001D6594 /* libopencv_core.4.0.0.dylib */,
				195BF240225524FD001D6594 /* libopencv_datasets.4.0.0.dylib */,
				195BF24A225524FE001D6594 /* libopencv_dnn_objdetect.4.0.0.dylib */,
				195BF244225524FD001D6594 /* libopencv_dnn.4.0.0.dylib */,
				195BF22D225524FA001D6594 /* libopencv_dpm.4.0.0.dylib */,
				195BF246225524FD001D6594 /* libopencv_face.4.0.0.dylib */,
				195BF22A225524F9001D6594 /* libopencv_features2d.4.0.0.dylib */,
				195BF245225524FD001D6594 /* libopencv_flann.4.0.0.dylib */,
				195BF234225524FB001D6594 /* libopencv_fuzzy.4.0.0.dylib */,
				195BF23C225524FC001D6594 /* libopencv_gapi.4.0.0.dylib */,
				195BF22F225524FB001D6594 /* libopencv_hfs.4.0.0.dylib */,
				195BF23F225524FD001D6594 /* libopencv_highgui.4.0.0.dylib */,
				195BF239225524FC001D6594 /* libopencv_img_hash.4.0.0.dylib */,
				195BF238225524FC001D6594 /* libopencv_imgcodecs.4.0.0.dylib */,
				195BF25222552500001D6594 /* libopencv_imgproc.4.0.0.dylib */,
				195BF22C225524FA001D6594 /* libopencv_line_descriptor.4.0.0.dylib */,
				195BF248225524FE001D6594 /* libopencv_ml.4.0.0.dylib */,
				195BF242225524FD001D6594 /* libopencv_objdetect.4.0.0.dylib */,
				195BF235225524FB001D6594 /* libopencv_optflow.4.0.0.dylib */,
				195BF247225524FE001D6594 /* libopencv_phase_unwrapping.4.0.0.dylib */,
				195BF249225524FE001D6594 /* libopencv_photo.4.0.0.dylib */,
				195BF232225524FB001D6594 /* libopencv_plot.4.0.0.dylib */,
				195BF231225524FB001D6594 /* libopencv_reg.4.0.0.dylib */,
				195BF24B225524FE001D6594 /* libopencv_rgbd.4.0.0.dylib */,
				195BF24C225524FE001D6594 /* libopencv_saliency.4.0.0.dylib */,
				195BF241225524FD001D6594 /* libopencv_shape.4.0.0.dylib */,
				195BF24D225524FE001D6594 /* libopencv_stereo.4.0.0.dylib */,
				195BF233225524FB001D6594 /* libopencv_stitching.4.0.0.dylib */,
				195BF250225524FF001D6594 /* libopencv_structured_light.4.0.0.dylib */,
				195BF230225524FB001D6594 /* libopencv_superres.4.0.0.dylib */,
				195BF227225524F9001D6594 /* libopencv_surface_matching.4.0.0.dylib */,
				195BF228225524F9001D6594 /* libopencv_text.4.0.0.dylib */,
				195BF226225524F9001D6594 /* libopencv_tracking.4.0.0.dylib */,
				195BF24E225524FE001D6594 /* libopencv_video.4.0.0.dylib */,
				195BF229225524F9001D6594 /* libopencv_videoio.4.0.0.dylib */,
				195BF24F225524FE001D6594 /* libopencv_videostab.4.0.0.dylib */,
				195BF237225524FC001D6594 /* libopencv_xfeatures2d.4.0.0.dylib */,
				195BF23B225524FC001D6594 /* libopencv_ximgproc.4.0.0.dylib */,
				195BF23D225524FC001D6594 /* libopencv_xobjdetect.4.0.0.dylib */,
				195BF251225524FF001D6594 /* libopencv_xphoto.4.0.0.dylib */,
				195BF21E22552383001D6594 /* OpenCVTest */,
				195BF21D22552383001D6594 /* Products */,
			);
			sourceTree = "<group>";
		};
		195BF21D22552383001D6594 /* Products */ = {
			isa = PBXGroup;
			children = (
				195BF21C22552383001D6594 /* OpenCVTest */,
			);
			name = Products;
			sourceTree = "<group>";
		};
		195BF21E22552383001D6594 /* OpenCVTest */ = {
			isa = PBXGroup;
			children = (
				195BF21F22552383001D6594 /* main.cpp */,
			);
			path = OpenCVTest;
			sourceTree = "<group>";
		};
/* End PBXGroup section */

/* Begin PBXNativeTarget section */
		195BF21B22552383001D6594 /* OpenCVTest */ = {
			isa = PBXNativeTarget;
			buildConfigurationList = 195BF22322552383001D6594 /* Build configuration list for PBXNativeTarget "OpenCVTest" */;
			buildPhases = (
				195BF21822552383001D6594 /* Sources */,
				195BF21922552383001D6594 /* Frameworks */,
				195BF21A22552383001D6594 /* CopyFiles */,
			);
			buildRules = (
			);
			dependencies = (
			);
			name = OpenCVTest;
			productName = OpenCVTest;
			productReference = 195BF21C22552383001D6594 /* OpenCVTest */;
			productType = "com.apple.product-type.tool";
		};
/* End PBXNativeTarget section */

/* Begin PBXProject section */
		195BF21422552382001D6594 /* Project object */ = {
			isa = PBXProject;
			attributes = {
				LastUpgradeCheck = 1010;
				ORGANIZATIONNAME = "Fritz Ebner";
				TargetAttributes = {
					195BF21B22552383001D6594 = {
						CreatedOnToolsVersion = 10.1;
					};
				};
			};
			buildConfigurationList = 195BF21722552382001D6594 /* Build configuration list for PBXProject "OpenCVTest" */;
			compatibilityVersion = "Xcode 9.3";
			developmentRegion = en;
			hasScannedForEncodings = 0;
			knownRegions = (
				en,
			);
			mainGroup = 195BF21322552382001D6594;
			productRefGroup = 195BF21D22552383001D6594 /* Products */;
			projectDirPath = "";
			projectRoot = "";
			targets = (
				195BF21B22552383001D6594 /* OpenCVTest */,
			);
		};
/* End PBXProject section */

/* Begin PBXSourcesBuildPhase section */
		195BF21822552383001D6594 /* Sources */ = {
			isa = PBXSourcesBuildPhase;
			buildActionMask = 2147483647;
			files = (
				195BF22022552383001D6594 /* main.cpp in Sources */,
			);
			runOnlyForDeploymentPostprocessing = 0;
		};
/* End PBXSourcesBuildPhase section */

/* Begin XCBuildConfiguration section */
		195BF22122552383001D6594 /* Debug */ = {
			isa = XCBuildConfiguration;
			buildSettings = {
				ALWAYS_SEARCH_USER_PATHS = NO;
				CLANG_ANALYZER_NONNULL = YES;
				CLANG_ANALYZER_NUMBER_OBJECT_CONVERSION = YES_AGGRESSIVE;
				CLANG_CXX_LANGUAGE_STANDARD = "gnu++14";
				CLANG_CXX_LIBRARY = "libc++";
				CLANG_ENABLE_MODULES = YES;
				CLANG_ENABLE_OBJC_ARC = YES;
				CLANG_ENABLE_OBJC_WEAK = YES;
				CLANG_WARN_BLOCK_CAPTURE_AUTORELEASING = YES;
				CLANG_WARN_BOOL_CONVERSION = YES;
				CLANG_WARN_COMMA = YES;
				CLANG_WARN_CONSTANT_CONVERSION = YES;
				CLANG_WARN_DEPRECATED_OBJC_IMPLEMENTATIONS = YES;
				CLANG_WARN_DIRECT_OBJC_ISA_USAGE = YES_ERROR;
				CLANG_WARN_DOCUMENTATION_COMMENTS = YES;
				CLANG_WARN_EMPTY_BODY = YES;
				CLANG_WARN_ENUM_CONVERSION = YES;
				CLANG_WARN_INFINITE_RECURSION = YES;
				CLANG_WARN_INT_CONVERSION = YES;
				CLANG_WARN_NON_LITERAL_NULL_CONVERSION = YES;
				CLANG_WARN_OBJC_IMPLICIT_RETAIN_SELF = YES;
				CLANG_WARN_OBJC_LITERAL_CONVERSION = YES;
				CLANG_WARN_OBJC_ROOT_CLASS = YES_ERROR;
				CLANG_WARN_RANGE_LOOP_ANALYSIS = YES;
				CLANG_WARN_STRICT_PROTOTYPES = YES;
				CLANG_WARN_SUSPICIOUS_MOVE = YES;
				CLANG_WARN_UNGUARDED_AVAILABILITY = YES_AGGRESSIVE;
				CLANG_WARN_UNREACHABLE_CODE = YES;
				CLANG_WARN__DUPLICATE_METHOD_MATCH = YES;
				CODE_SIGN_IDENTITY = "-";
				COPY_PHASE_STRIP = NO;
				DEBUG_INFORMATION_FORMAT = dwarf;
				ENABLE_STRICT_OBJC_MSGSEND = YES;
				ENABLE_TESTABILITY = YES;
				GCC_C_LANGUAGE_STANDARD = gnu11;
				GCC_DYNAMIC_NO_PIC = NO;
				GCC_NO_COMMON_BLOCKS = YES;
				GCC_OPTIMIZATION_LEVEL = 0;
				GCC_PREPROCESSOR_DEFINITIONS = (
					"DEBUG=1",
					"$(inherited)",
				);
				GCC_WARN_64_TO_32_BIT_CONVERSION = YES;
				GCC_WARN_ABOUT_RETURN_TYPE = YES_ERROR;
				GCC_WARN_UNDECLARED_SELECTOR = YES;
				GCC_WARN_UNINITIALIZED_AUTOS = YES_AGGRESSIVE;
				GCC_WARN_UNUSED_FUNCTION = YES;
				GCC_WARN_UNUSED_VARIABLE = YES;
				MACOSX_DEPLOYMENT_TARGET = 10.13;
				MTL_ENABLE_DEBUG_INFO = INCLUDE_SOURCE;
				MTL_FAST_MATH = YES;
				ONLY_ACTIVE_ARCH = YES;
				SDKROOT = macosx;
			};
			name = Debug;
		};
		195BF22222552383001D6594 /* Release */ = {
			isa = XCBuildConfiguration;
			buildSettings = {
				ALWAYS_SEARCH_USER_PATHS = NO;
				CLANG_ANALYZER_NONNULL = YES;
				CLANG_ANALYZER_NUMBER_OBJECT_CONVERSION = YES_AGGRESSIVE;
				CLANG_CXX_LANGUAGE_STANDARD = "gnu++14";
				CLANG_CXX_LIBRARY = "libc++";
				CLANG_ENABLE_MODULES = YES;
				CLANG_ENABLE_OBJC_ARC = YES;
				CLANG_ENABLE_OBJC_WEAK = YES;
				CLANG_WARN_BLOCK_CAPTURE_AUTORELEASING = YES;
				CLANG_WARN_BOOL_CONVERSION = YES;
				CLANG_WARN_COMMA = YES;
				CLANG_WARN_CONSTANT_CONVERSION = YES;
				CLANG_WARN_DEPRECATED_OBJC_IMPLEMENTATIONS = YES;
				CLANG_WARN_DIRECT_OBJC_ISA_USAGE = YES_ERROR;
				CLANG_WARN_DOCUMENTATION_COMMENTS = YES;
				CLANG_WARN_EMPTY_BODY = YES;
				CLANG_WARN_ENUM_CONVERSION = YES;
				CLANG_WARN_INFINITE_RECURSION = YES;
				CLANG_WARN_INT_CONVERSION = YES;
				CLANG_WARN_NON_LITERAL_NULL_CONVERSION = YES;
				CLANG_WARN_OBJC_IMPLICIT_RETAIN_SELF = YES;
				CLANG_WARN_OBJC_LITERAL_CONVERSION = YES;
				CLANG_WARN_OBJC_ROOT_CLASS = YES_ERROR;
				CLANG_WARN_RANGE_LOOP_ANALYSIS = YES;
				CLANG_WARN_STRICT_PROTOTYPES = YES;
				CLANG_WARN_SUSPICIOUS_MOVE = YES;
				CLANG_WARN_UNGUARDED_AVAILABILITY = YES_AGGRESSIVE;
				CLANG_WARN_UNREACHABLE_CODE = YES;
				CLANG_WARN__DUPLICATE_METHOD_MATCH = YES;
				CODE_SIGN_IDENTITY = "-";
				COPY_PHASE_STRIP = NO;
				DEBUG_INFORMATION_FORMAT = "dwarf-with-dsym";
				ENABLE_NS_ASSERTIONS = NO;
				ENABLE_STRICT_OBJC_MSGSEND = YES;
				GCC_C_LANGUAGE_STANDARD = gnu11;
				GCC_NO_COMMON_BLOCKS = YES;
				GCC_WARN_64_TO_32_BIT_CONVERSION = YES;
				GCC_WARN_ABOUT_RETURN_TYPE = YES_ERROR;
				GCC_WARN_UNDECLARED_SELECTOR = YES;
				GCC_WARN_UNINITIALIZED_AUTOS = YES_AGGRESSIVE;
				GCC_WARN_UNUSED_FUNCTION = YES;
				GCC_WARN_UNUSED_VARIABLE = YES;
				MACOSX_DEPLOYMENT_TARGET = 10.13;
				MTL_ENABLE_DEBUG_INFO = NO;
				MTL_FAST_MATH = YES;
				SDKROOT = macosx;
			};
			name = Release;
		};
		195BF22422552383001D6594 /* Debug */ = {
			isa = XCBuildConfiguration;
			buildSettings = {
				CODE_SIGN_STYLE = Automatic;
				HEADER_SEARCH_PATHS = /usr/local/include/opencv4;
				LIBRARY_SEARCH_PATHS = (
					"$(inherited)",
					"$(PROJECT_DIR)",
				);
				PRODUCT_NAME = "$(TARGET_NAME)";
			};
			name = Debug;
		};
		195BF22522552383001D6594 /* Release */ = {
			isa = XCBuildConfiguration;
			buildSettings = {
				CODE_SIGN_STYLE = Automatic;
				HEADER_SEARCH_PATHS = /usr/local/include/opencv4;
				LIBRARY_SEARCH_PATHS = (
					"$(inherited)",
					"$(PROJECT_DIR)",
				);
				PRODUCT_NAME = "$(TARGET_NAME)";
			};
			name = Release;
		};
/* End XCBuildConfiguration section */

/* Begin XCConfigurationList section */
		195BF21722552382001D6594 /* Build configuration list for PBXProject "OpenCVTest" */ = {
			isa = XCConfigurationList;
			buildConfigurations = (
				195BF22122552383001D6594 /* Debug */,
				195BF22222552383001D6594 /* Release */,
			);
			defaultConfigurationIsVisible = 0;
			defaultConfigurationName = Release;
		};
		195BF22322552383001D6594 /* Build configuration list for PBXNativeTarget "OpenCVTest" */ = {
			isa = XCConfigurationList;
			buildConfigurations = (
				195BF22422552383001D6594 /* Debug */,
				195BF22522552383001D6594 /* Release */,
			);
			defaultConfigurationIsVisible = 0;
			defaultConfigurationName = Release;
		};
/* End XCConfigurationList section */
	};
	rootObject = 195BF21422552382001D6594 /* Project object */;
}
